
Microsoft Visual Studio Solution File, Format Version 12.00
# Visual Studio Version 17
VisualStudioVersion = 17.4.33213.308
MinimumVisualStudioVersion = 10.0.40219.1
Project("{FAE04EC0-301F-11D3-BF4B-00C04F79EFBC}") = "Классы", "Классы\Классы.csproj", "{7CDC81E5-A08B-4768-AB4B-703BAF8BF060}"
EndProject
Global
	GlobalSection(SolutionConfigurationPlatforms) = preSolution
		Debug|Any CPU = Debug|Any CPU
		Release|Any CPU = Release|Any CPU
	EndGlobalSection
	GlobalSection(ProjectConfigurationPlatforms) = postSolution
		{7CDC81E5-A08B-4768-AB4B-703BAF8BF060}.Debug|Any CPU.ActiveCfg = Debug|Any CPU
		{7CDC81E5-A08B-4768-AB4B-703BAF8BF060}.Debug|Any CPU.Build.0 = Debug|Any CPU
		{7CDC81E5-A08B-4768-AB4B-703BAF8BF060}.Release|Any CPU.ActiveCfg = Release|Any CPU
		{7CDC81E5-A08B-4768-AB4B-703BAF8BF060}.Release|Any CPU.Build.0 = Release|Any CPU
	EndGlobalSection
	GlobalSection(SolutionProperties) = preSolution
		HideSolutionNode = FALSE
	EndGlobalSection
	GlobalSection(ExtensibilityGlobals) = postSolution
		SolutionGuid = {94C573FF-6EB4-4CF4-B6DF-2B8416F45A7D}
	EndGlobalSection
EndGlobal
